
Microsoft Visual Studio Solution File, Format Version 12.00
# Visual Studio Version 16
VisualStudioVersion = 16.0.31410.357
MinimumVisualStudioVersion = 10.0.40219.1
Project("{FAE04EC0-301F-11D3-BF4B-00C04F79EFBC}") = "Soccer.UWP", "Soccer.UWP\Soccer.UWP.csproj", "{15D3DE9E-8B0F-4F11-8CE7-75C018A0BF83}"
EndProject
Project("{FAE04EC0-301F-11D3-BF4B-00C04F79EFBC}") = "Soccer.Android", "Soccer.Android\Soccer.Android.csproj", "{0C85A9BD-949F-48CD-A294-075FC2279433}"
EndProject
Project("{FAE04EC0-301F-11D3-BF4B-00C04F79EFBC}") = "Soccer.iOS", "Soccer.iOS\Soccer.iOS.csproj", "{32B44779-68D1-4C3F-9EF2-77F890D184AE}"
EndProject
Project("{9A19103F-16F7-4668-BE54-9A1E7A4F7556}") = "Soccer", "Soccer\Soccer.csproj", "{725EB850-920B-4866-8EA0-F849706B5608}"
EndProject
Global
	GlobalSection(SolutionConfigurationPlatforms) = preSolution
		Debug|Any CPU = Debug|Any CPU
		Debug|ARM = Debug|ARM
		Debug|iPhone = Debug|iPhone
		Debug|iPhoneSimulator = Debug|iPhoneSimulator
		Debug|x64 = Debug|x64
		Debug|x86 = Debug|x86
		Release|Any CPU = Release|Any CPU
		Release|ARM = Release|ARM
		Release|iPhone = Release|iPhone
		Release|iPhoneSimulator = Release|iPhoneSimulator
		Release|x64 = Release|x64
		Release|x86 = Release|x86
	EndGlobalSection
	GlobalSection(ProjectConfigurationPlatforms) = postSolution
		{15D3DE9E-8B0F-4F11-8CE7-75C018A0BF83}.Debug|Any CPU.ActiveCfg = Debug|x86
		{15D3DE9E-8B0F-4F11-8CE7-75C018A0BF83}.Debug|Any CPU.Build.0 = Debug|x86
		{15D3DE9E-8B0F-4F11-8CE7-75C018A0BF83}.Debug|Any CPU.Deploy.0 = Debug|x86
		{15D3DE9E-8B0F-4F11-8CE7-75C018A0BF83}.Debug|ARM.ActiveCfg = Debug|ARM
		{15D3DE9E-8B0F-4F11-8CE7-75C018A0BF83}.Debug|ARM.Build.0 = Debug|ARM
		{15D3DE9E-8B0F-4F11-8CE7-75C018A0BF83}.Debug|ARM.Deploy.0 = Debug|ARM
		{15D3DE9E-8B0F-4F11-8CE7-75C018A0BF83}.Debug|iPhone.ActiveCfg = Debug|x86
		{15D3DE9E-8B0F-4F11-8CE7-75C018A0BF83}.Debug|iPhone.Build.0 = Debug|x86
		{15D3DE9E-8B0F-4F11-8CE7-75C018A0BF83}.Debug|iPhone.Deploy.0 = Debug|x86
		{15D3DE9E-8B0F-4F11-8CE7-75C018A0BF83}.Debug|iPhoneSimulator.ActiveCfg = Debug|x86
		{15D3DE9E-8B0F-4F11-8CE7-75C018A0BF83}.Debug|iPhoneSimulator.Build.0 = Debug|x86
		{15D3DE9E-8B0F-4F11-8CE7-75C018A0BF83}.Debug|iPhoneSimulator.Deploy.0 = Debug|x86
		{15D3DE9E-8B0F-4F11-8CE7-75C018A0BF83}.Debug|x64.ActiveCfg = Debug|x64
		{15D3DE9E-8B0F-4F11-8CE7-75C018A0BF83}.Debug|x64.Build.0 = Debug|x64
		{15D3DE9E-8B0F-4F11-8CE7-75C018A0BF83}.Debug|x64.Deploy.0 = Debug|x64
		{15D3DE9E-8B0F-4F11-8CE7-75C018A0BF83}.Debug|x86.ActiveCfg = Debug|x86
		{15D3DE9E-8B0F-4F11-8CE7-75C018A0BF83}.Debug|x86.Build.0 = Debug|x86
		{15D3DE9E-8B0F-4F11-8CE7-75C018A0BF83}.Debug|x86.Deploy.0 = Debug|x86
		{15D3DE9E-8B0F-4F11-8CE7-75C018A0BF83}.Release|Any CPU.ActiveCfg = Release|x86
		{15D3DE9E-8B0F-4F11-8CE7-75C018A0BF83}.Release|Any CPU.Build.0 = Release|x86
		{15D3DE9E-8B0F-4F11-8CE7-75C018A0BF83}.Release|Any CPU.Deploy.0 = Release|x86
		{15D3DE9E-8B0F-4F11-8CE7-75C018A0BF83}.Release|ARM.ActiveCfg = Release|ARM
		{15D3DE9E-8B0F-4F11-8CE7-75C018A0BF83}.Release|ARM.Build.0 = Release|ARM
		{15D3DE9E-8B0F-4F11-8CE7-75C018A0BF83}.Release|ARM.Deploy.0 = Release|ARM
		{15D3DE9E-8B0F-4F11-8CE7-75C018A0BF83}.Release|iPhone.ActiveCfg = Release|x86
		{15D3DE9E-8B0F-4F11-8CE7-75C018A0BF83}.Release|iPhone.Build.0 = Release|x86
		{15D3DE9E-8B0F-4F11-8CE7-75C018A0BF83}.Release|iPhone.Deploy.0 = Release|x86
		{15D3DE9E-8B0F-4F11-8CE7-75C018A0BF83}.Release|iPhoneSimulator.ActiveCfg = Release|x86
		{15D3DE9E-8B0F-4F11-8CE7-75C018A0BF83}.Release|iPhoneSimulator.Build.0 = Release|x86
		{15D3DE9E-8B0F-4F11-8CE7-75C018A0BF83}.Release|iPhoneSimulator.Deploy.0 = Release|x86
		{15D3DE9E-8B0F-4F11-8CE7-75C018A0BF83}.Release|x64.ActiveCfg = Release|x64
		{15D3DE9E-8B0F-4F11-8CE7-75C018A0BF83}.Release|x64.Build.0 = Release|x64
		{15D3DE9E-8B0F-4F11-8CE7-75C018A0BF83}.Release|x64.Deploy.0 = Release|x64
		{15D3DE9E-8B0F-4F11-8CE7-75C018A0BF83}.Release|x86.ActiveCfg = Release|x86
		{15D3DE9E-8B0F-4F11-8CE7-75C018A0BF83}.Release|x86.Build.0 = Release|x86
		{15D3DE9E-8B0F-4F11-8CE7-75C018A0BF83}.Release|x86.Deploy.0 = Release|x86
		{0C85A9BD-949F-48CD-A294-075FC2279433}.Debug|Any CPU.ActiveCfg = Debug|Any CPU
		{0C85A9BD-949F-48CD-A294-075FC2279433}.Debug|Any CPU.Build.0 = Debug|Any CPU
		{0C85A9BD-949F-48CD-A294-075FC2279433}.Debug|Any CPU.Deploy.0 = Debug|Any CPU
		{0C85A9BD-949F-48CD-A294-075FC2279433}.Debug|ARM.ActiveCfg = Debug|Any CPU
		{0C85A9BD-949F-48CD-A294-075FC2279433}.Debug|ARM.Build.0 = Debug|Any CPU
		{0C85A9BD-949F-48CD-A294-075FC2279433}.Debug|ARM.Deploy.0 = Debug|Any CPU
		{0C85A9BD-949F-48CD-A294-075FC2279433}.Debug|iPhone.ActiveCfg = Debug|Any CPU
		{0C85A9BD-949F-48CD-A294-075FC2279433}.Debug|iPhone.Build.0 = Debug|Any CPU
		{0C85A9BD-949F-48CD-A294-075FC2279433}.Debug|iPhone.Deploy.0 = Debug|Any CPU
		{0C85A9BD-949F-48CD-A294-075FC2279433}.Debug|iPhoneSimulator.ActiveCfg = Debug|Any CPU
		{0C85A9BD-949F-48CD-A294-075FC2279433}.Debug|iPhoneSimulator.Build.0 = Debug|Any CPU
		{0C85A9BD-949F-48CD-A294-075FC2279433}.Debug|iPhoneSimulator.Deploy.0 = Debug|Any CPU
		{0C85A9BD-949F-48CD-A294-075FC2279433}.Debug|x64.ActiveCfg = Debug|Any CPU
		{0C85A9BD-949F-48CD-A294-075FC2279433}.Debug|x64.Build.0 = Debug|Any CPU
		{0C85A9BD-949F-48CD-A294-075FC2279433}.Debug|x64.Deploy.0 = Debug|Any CPU
		{0C85A9BD-949F-48CD-A294-075FC2279433}.Debug|x86.ActiveCfg = Debug|Any CPU
		{0C85A9BD-949F-48CD-A294-075FC2279433}.Debug|x86.Build.0 = Debug|Any CPU
		{0C85A9BD-949F-48CD-A294-075FC2279433}.Debug|x86.Deploy.0 = Debug|Any CPU
		{0C85A9BD-949F-48CD-A294-075FC2279433}.Release|Any CPU.ActiveCfg = Release|Any CPU
		{0C85A9BD-949F-48CD-A294-075FC2279433}.Release|Any CPU.Build.0 = Release|Any CPU
		{0C85A9BD-949F-48CD-A294-075FC2279433}.Release|Any CPU.Deploy.0 = Release|Any CPU
		{0C85A9BD-949F-48CD-A294-075FC2279433}.Release|ARM.ActiveCfg = Release|Any CPU
		{0C85A9BD-949F-48CD-A294-075FC2279433}.Release|ARM.Build.0 = Release|Any CPU
		{0C85A9BD-949F-48CD-A294-075FC2279433}.Release|ARM.Deploy.0 = Release|Any CPU
		{0C85A9BD-949F-48CD-A294-075FC2279433}.Release|iPhone.ActiveCfg = Release|Any CPU
		{0C85A9BD-949F-48CD-A294-075FC2279433}.Release|iPhone.Build.0 = Release|Any CPU
		{0C85A9BD-949F-48CD-A294-075FC2279433}.Release|iPhone.Deploy.0 = Release|Any CPU
		{0C85A9BD-949F-48CD-A294-075FC2279433}.Release|iPhoneSimulator.ActiveCfg = Release|Any CPU
		{0C85A9BD-949F-48CD-A294-075FC2279433}.Release|iPhoneSimulator.Build.0 = Release|Any CPU
		{0C85A9BD-949F-48CD-A294-075FC2279433}.Release|iPhoneSimulator.Deploy.0 = Release|Any CPU
		{0C85A9BD-949F-48CD-A294-075FC2279433}.Release|x64.ActiveCfg = Release|Any CPU
		{0C85A9BD-949F-48CD-A294-075FC2279433}.Release|x64.Build.0 = Release|Any CPU
		{0C85A9BD-949F-48CD-A294-075FC2279433}.Release|x64.Deploy.0 = Release|Any CPU
		{0C85A9BD-949F-48CD-A294-075FC2279433}.Release|x86.ActiveCfg = Release|Any CPU
		{0C85A9BD-949F-48CD-A294-075FC2279433}.Release|x86.Build.0 = Release|Any CPU
		{0C85A9BD-949F-48CD-A294-075FC2279433}.Release|x86.Deploy.0 = Release|Any CPU
		{32B44779-68D1-4C3F-9EF2-77F890D184AE}.Debug|Any CPU.ActiveCfg = Debug|iPhoneSimulator
		{32B44779-68D1-4C3F-9EF2-77F890D184AE}.Debug|Any CPU.Build.0 = Debug|iPhoneSimulator
		{32B44779-68D1-4C3F-9EF2-77F890D184AE}.Debug|Any CPU.Deploy.0 = Debug|iPhoneSimulator
		{32B44779-68D1-4C3F-9EF2-77F890D184AE}.Debug|ARM.ActiveCfg = Debug|iPhone
		{32B44779-68D1-4C3F-9EF2-77F890D184AE}.Debug|ARM.Build.0 = Debug|iPhone
		{32B44779-68D1-4C3F-9EF2-77F890D184AE}.Debug|ARM.Deploy.0 = Debug|iPhone
		{32B44779-68D1-4C3F-9EF2-77F890D184AE}.Debug|iPhone.ActiveCfg = Debug|iPhone
		{32B44779-68D1-4C3F-9EF2-77F890D184AE}.Debug|iPhone.Build.0 = Debug|iPhone
		{32B44779-68D1-4C3F-9EF2-77F890D184AE}.Debug|iPhone.Deploy.0 = Debug|iPhone
		{32B44779-68D1-4C3F-9EF2-77F890D184AE}.Debug|iPhoneSimulator.ActiveCfg = Debug|iPhoneSimulator
		{32B44779-68D1-4C3F-9EF2-77F890D184AE}.Debug|iPhoneSimulator.Build.0 = Debug|iPhoneSimulator
		{32B44779-68D1-4C3F-9EF2-77F890D184AE}.Debug|iPhoneSimulator.Deploy.0 = Debug|iPhoneSimulator
		{32B44779-68D1-4C3F-9EF2-77F890D184AE}.Debug|x64.ActiveCfg = Debug|iPhoneSimulator
		{32B44779-68D1-4C3F-9EF2-77F890D184AE}.Debug|x64.Build.0 = Debug|iPhoneSimulator
		{32B44779-68D1-4C3F-9EF2-77F890D184AE}.Debug|x64.Deploy.0 = Debug|iPhoneSimulator
		{32B44779-68D1-4C3F-9EF2-77F890D184AE}.Debug|x86.ActiveCfg = Debug|iPhoneSimulator
		{32B44779-68D1-4C3F-9EF2-77F890D184AE}.Debug|x86.Build.0 = Debug|iPhoneSimulator
		{32B44779-68D1-4C3F-9EF2-77F890D184AE}.Debug|x86.Deploy.0 = Debug|iPhoneSimulator
		{32B44779-68D1-4C3F-9EF2-77F890D184AE}.Release|Any CPU.ActiveCfg = Release|iPhoneSimulator
		{32B44779-68D1-4C3F-9EF2-77F890D184AE}.Release|Any CPU.Build.0 = Release|iPhoneSimulator
		{32B44779-68D1-4C3F-9EF2-77F890D184AE}.Release|Any CPU.Deploy.0 = Release|iPhoneSimulator
		{32B44779-68D1-4C3F-9EF2-77F890D184AE}.Release|ARM.ActiveCfg = Release|iPhoneSimulator
		{32B44779-68D1-4C3F-9EF2-77F890D184AE}.Release|ARM.Build.0 = Release|iPhoneSimulator
		{32B44779-68D1-4C3F-9EF2-77F890D184AE}.Release|ARM.Deploy.0 = Release|iPhoneSimulator
		{32B44779-68D1-4C3F-9EF2-77F890D184AE}.Release|iPhone.ActiveCfg = Release|iPhone
		{32B44779-68D1-4C3F-9EF2-77F890D184AE}.Release|iPhone.Build.0 = Release|iPhone
		{32B44779-68D1-4C3F-9EF2-77F890D184AE}.Release|iPhone.Deploy.0 = Release|iPhone
		{32B44779-68D1-4C3F-9EF2-77F890D184AE}.Release|iPhoneSimulator.ActiveCfg = Release|iPhoneSimulator
		{32B44779-68D1-4C3F-9EF2-77F890D184AE}.Release|iPhoneSimulator.Build.0 = Release|iPhoneSimulator
		{32B44779-68D1-4C3F-9EF2-77F890D184AE}.Release|iPhoneSimulator.Deploy.0 = Release|iPhoneSimulator
		{32B44779-68D1-4C3F-9EF2-77F890D184AE}.Release|x64.ActiveCfg = Release|iPhoneSimulator
		{32B44779-68D1-4C3F-9EF2-77F890D184AE}.Release|x64.Build.0 = Release|iPhoneSimulator
		{32B44779-68D1-4C3F-9EF2-77F890D184AE}.Release|x64.Deploy.0 = Release|iPhoneSimulator
		{32B44779-68D1-4C3F-9EF2-77F890D184AE}.Release|x86.ActiveCfg = Release|iPhoneSimulator
		{32B44779-68D1-4C3F-9EF2-77F890D184AE}.Release|x86.Build.0 = Release|iPhoneSimulator
		{32B44779-68D1-4C3F-9EF2-77F890D184AE}.Release|x86.Deploy.0 = Release|iPhoneSimulator
		{725EB850-920B-4866-8EA0-F849706B5608}.Debug|Any CPU.ActiveCfg = Debug|Any CPU
		{725EB850-920B-4866-8EA0-F849706B5608}.Debug|Any CPU.Build.0 = Debug|Any CPU
		{725EB850-920B-4866-8EA0-F849706B5608}.Debug|Any CPU.Deploy.0 = Debug|Any CPU
		{725EB850-920B-4866-8EA0-F849706B5608}.Debug|ARM.ActiveCfg = Debug|Any CPU
		{725EB850-920B-4866-8EA0-F849706B5608}.Debug|ARM.Build.0 = Debug|Any CPU
		{725EB850-920B-4866-8EA0-F849706B5608}.Debug|ARM.Deploy.0 = Debug|Any CPU
		{725EB850-920B-4866-8EA0-F849706B5608}.Debug|iPhone.ActiveCfg = Debug|Any CPU
		{725EB850-920B-4866-8EA0-F849706B5608}.Debug|iPhone.Build.0 = Debug|Any CPU
		{725EB850-920B-4866-8EA0-F849706B5608}.Debug|iPhone.Deploy.0 = Debug|Any CPU
		{725EB850-920B-4866-8EA0-F849706B5608}.Debug|iPhoneSimulator.ActiveCfg = Debug|Any CPU
		{725EB850-920B-4866-8EA0-F849706B5608}.Debug|iPhoneSimulator.Build.0 = Debug|Any CPU
		{725EB850-920B-4866-8EA0-F849706B5608}.Debug|iPhoneSimulator.Deploy.0 = Debug|Any CPU
		{725EB850-920B-4866-8EA0-F849706B5608}.Debug|x64.ActiveCfg = Debug|Any CPU
		{725EB850-920B-4866-8EA0-F849706B5608}.Debug|x64.Build.0 = Debug|Any CPU
		{725EB850-920B-4866-8EA0-F849706B5608}.Debug|x64.Deploy.0 = Debug|Any CPU
		{725EB850-920B-4866-8EA0-F849706B5608}.Debug|x86.ActiveCfg = Debug|Any CPU
		{725EB850-920B-4866-8EA0-F849706B5608}.Debug|x86.Build.0 = Debug|Any CPU
		{725EB850-920B-4866-8EA0-F849706B5608}.Debug|x86.Deploy.0 = Debug|Any CPU
		{725EB850-920B-4866-8EA0-F849706B5608}.Release|Any CPU.ActiveCfg = Release|Any CPU
		{725EB850-920B-4866-8EA0-F849706B5608}.Release|Any CPU.Build.0 = Release|Any CPU
		{725EB850-920B-4866-8EA0-F849706B5608}.Release|Any CPU.Deploy.0 = Release|Any CPU
		{725EB850-920B-4866-8EA0-F849706B5608}.Release|ARM.ActiveCfg = Release|Any CPU
		{725EB850-920B-4866-8EA0-F849706B5608}.Release|ARM.Build.0 = Release|Any CPU
		{725EB850-920B-4866-8EA0-F849706B5608}.Release|ARM.Deploy.0 = Release|Any CPU
		{725EB850-920B-4866-8EA0-F849706B5608}.Release|iPhone.ActiveCfg = Release|Any CPU
		{725EB850-920B-4866-8EA0-F849706B5608}.Release|iPhone.Build.0 = Release|Any CPU
		{725EB850-920B-4866-8EA0-F849706B5608}.Release|iPhone.Deploy.0 = Release|Any CPU
		{725EB850-920B-4866-8EA0-F849706B5608}.Release|iPhoneSimulator.ActiveCfg = Release|Any CPU
		{725EB850-920B-4866-8EA0-F849706B5608}.Release|iPhoneSimulator.Build.0 = Release|Any CPU
		{725EB850-920B-4866-8EA0-F849706B5608}.Release|iPhoneSimulator.Deploy.0 = Release|Any CPU
		{725EB850-920B-4866-8EA0-F849706B5608}.Release|x64.ActiveCfg = Release|Any CPU
		{725EB850-920B-4866-8EA0-F849706B5608}.Release|x64.Build.0 = Release|Any CPU
		{725EB850-920B-4866-8EA0-F849706B5608}.Release|x64.Deploy.0 = Release|Any CPU
		{725EB850-920B-4866-8EA0-F849706B5608}.Release|x86.ActiveCfg = Release|Any CPU
		{725EB850-920B-4866-8EA0-F849706B5608}.Release|x86.Build.0 = Release|Any CPU
		{725EB850-920B-4866-8EA0-F849706B5608}.Release|x86.Deploy.0 = Release|Any CPU
	EndGlobalSection
	GlobalSection(SolutionProperties) = preSolution
		HideSolutionNode = FALSE
	EndGlobalSection
	GlobalSection(ExtensibilityGlobals) = postSolution
		SolutionGuid = {011E2CE0-B2F3-4F6C-BDE9-545004F37D44}
	EndGlobalSection
EndGlobal
